// !$*UTF8*$!
{
	archiveVersion = 1;
	classes = {
	};
	objectVersion = 77;
	objects = {

/* Begin PBXFileReference section */
		F0A1000000000000000000A1 /* Familie.app */ = {isa = PBXFileReference; explicitFileType = wrapper.application; includeInIndex = 0; path = Familie.app; sourceTree = BUILT_PRODUCTS_DIR; };
		F0A1000000000000000000D1 /* FamilieMitteilung.appex */ = {isa = PBXFileReference; explicitFileType = "wrapper.app-extension"; includeInIndex = 0; path = FamilieMitteilung.appex; sourceTree = BUILT_PRODUCTS_DIR; };
		F0A1000000000000000000E1 /* FamilieKlingel.appex */ = {isa = PBXFileReference; explicitFileType = "wrapper.app-extension"; includeInIndex = 0; path = FamilieKlingel.appex; sourceTree = BUILT_PRODUCTS_DIR; };
		F0A1000000000000000000F1 /* FamilieLive.appex */ = {isa = PBXFileReference; explicitFileType = "wrapper.app-extension"; includeInIndex = 0; path = FamilieLive.appex; sourceTree = BUILT_PRODUCTS_DIR; };
/* End PBXFileReference section */

/* Begin PBXBuildFile section */
		F0A1000000000000000000D9 /* FamilieMitteilung.appex in Embed Foundation Extensions */ = {isa = PBXBuildFile; fileRef = F0A1000000000000000000D1 /* FamilieMitteilung.appex */; settings = {ATTRIBUTES = (RemoveHeadersOnCopy, ); }; };
		F0A1000000000000000000E9 /* FamilieKlingel.appex in Embed Foundation Extensions */ = {isa = PBXBuildFile; fileRef = F0A1000000000000000000E1 /* FamilieKlingel.appex */; settings = {ATTRIBUTES = (RemoveHeadersOnCopy, ); }; };
		F0A1000000000000000000F9 /* FamilieLive.appex in Embed Foundation Extensions */ = {isa = PBXBuildFile; fileRef = F0A1000000000000000000F1 /* FamilieLive.appex */; settings = {ATTRIBUTES = (RemoveHeadersOnCopy, ); }; };
/* End PBXBuildFile section */

/* Begin PBXContainerItemProxy section */
		F0A1000000000000000000DA /* PBXContainerItemProxy */ = {
			isa = PBXContainerItemProxy;
			containerPortal = F0A1000000000000000000A9 /* Project object */;
			proxyType = 1;
			remoteGlobalIDString = F0A1000000000000000000D5;
			remoteInfo = FamilieMitteilung;
		};
		F0A1000000000000000000EA /* PBXContainerItemProxy */ = {
			isa = PBXContainerItemProxy;
			containerPortal = F0A1000000000000000000A9 /* Project object */;
			proxyType = 1;
			remoteGlobalIDString = F0A1000000000000000000E5;
			remoteInfo = FamilieKlingel;
		};
		F0A1000000000000000000FA /* PBXContainerItemProxy */ = {
			isa = PBXContainerItemProxy;
			containerPortal = F0A1000000000000000000A9 /* Project object */;
			proxyType = 1;
			remoteGlobalIDString = F0A1000000000000000000F5;
			remoteInfo = FamilieLive;
		};
/* End PBXContainerItemProxy section */

/* Begin PBXCopyFilesBuildPhase section */
		F0A1000000000000000000DC /* Embed Foundation Extensions */ = {
			isa = PBXCopyFilesBuildPhase;
			buildActionMask = 2147483647;
			dstPath = "";
			dstSubfolderSpec = 13;
			files = (
				F0A1000000000000000000D9 /* FamilieMitteilung.appex in Embed Foundation Extensions */,
				F0A1000000000000000000E9 /* FamilieKlingel.appex in Embed Foundation Extensions */,
				F0A1000000000000000000F9 /* FamilieLive.appex in Embed Foundation Extensions */,
			);
			name = "Embed Foundation Extensions";
			runOnlyForDeploymentPostprocessing = 0;
		};
/* End PBXCopyFilesBuildPhase section */

/* Begin PBXFileSystemSynchronizedRootGroup section */
		F0A1000000000000000000A2 /* FamilyHub */ = {
			isa = PBXFileSystemSynchronizedRootGroup;
			path = FamilyHub;
			sourceTree = "<group>";
		};
		F0A1000000000000000000D2 /* FamilieMitteilung */ = {
			isa = PBXFileSystemSynchronizedRootGroup;
			path = FamilieMitteilung;
			sourceTree = "<group>";
		};
		F0A1000000000000000000E2 /* FamilieKlingel */ = {
			isa = PBXFileSystemSynchronizedRootGroup;
			path = FamilieKlingel;
			sourceTree = "<group>";
		};
		F0A1000000000000000000F2 /* FamilieLive */ = {
			isa = PBXFileSystemSynchronizedRootGroup;
			path = FamilieLive;
			sourceTree = "<group>";
		};
/* End PBXFileSystemSynchronizedRootGroup section */

/* Begin PBXFrameworksBuildPhase section */
		F0A1000000000000000000A3 /* Frameworks */ = {
			isa = PBXFrameworksBuildPhase;
			buildActionMask = 2147483647;
			files = (
			);
			runOnlyForDeploymentPostprocessing = 0;
		};
		F0A1000000000000000000D3 /* Frameworks */ = {
			isa = PBXFrameworksBuildPhase;
			buildActionMask = 2147483647;
			files = (
			);
			runOnlyForDeploymentPostprocessing = 0;
		};
		F0A1000000000000000000E3 /* Frameworks */ = {
			isa = PBXFrameworksBuildPhase;
			buildActionMask = 2147483647;
			files = (
			);
			runOnlyForDeploymentPostprocessing = 0;
		};
		F0A1000000000000000000F3 /* Frameworks */ = {
			isa = PBXFrameworksBuildPhase;
			buildActionMask = 2147483647;
			files = (
			);
			runOnlyForDeploymentPostprocessing = 0;
		};
/* End PBXFrameworksBuildPhase section */

/* Begin PBXGroup section */
		F0A1000000000000000000A4 = {
			isa = PBXGroup;
			children = (
				F0A1000000000000000000A2 /* FamilyHub */,
				F0A1000000000000000000D2 /* FamilieMitteilung */,
				F0A1000000000000000000E2 /* FamilieKlingel */,
				F0A1000000000000000000F2 /* FamilieLive */,
				F0A1000000000000000000A5 /* Products */,
			);
			sourceTree = "<group>";
		};
		F0A1000000000000000000A5 /* Products */ = {
			isa = PBXGroup;
			children = (
				F0A1000000000000000000A1 /* Familie.app */,
				F0A1000000000000000000D1 /* FamilieMitteilung.appex */,
				F0A1000000000000000000E1 /* FamilieKlingel.appex */,
				F0A1000000000000000000F1 /* FamilieLive.appex */,
			);
			name = Products;
			sourceTree = "<group>";
		};
/* End PBXGroup section */

/* Begin PBXNativeTarget section */
		F0A1000000000000000000A6 /* FamilyHub */ = {
			isa = PBXNativeTarget;
			buildConfigurationList = F0A1000000000000000000B1 /* Build configuration list for PBXNativeTarget "FamilyHub" */;
			buildPhases = (
				F0A1000000000000000000A7 /* Sources */,
				F0A1000000000000000000A3 /* Frameworks */,
				F0A1000000000000000000A8 /* Resources */,
				F0A1000000000000000000DC /* Embed Foundation Extensions */,
			);
			buildRules = (
			);
			dependencies = (
				F0A1000000000000000000DB /* PBXTargetDependency */,
				F0A1000000000000000000EB /* PBXTargetDependency */,
				F0A1000000000000000000FB /* PBXTargetDependency */,
			);
			fileSystemSynchronizedGroups = (
				F0A1000000000000000000A2 /* FamilyHub */,
			);
			name = FamilyHub;
			packageProductDependencies = (
			);
			productName = FamilyHub;
			productReference = F0A1000000000000000000A1 /* Familie.app */;
			productType = "com.apple.product-type.application";
		};
		F0A1000000000000000000D5 /* FamilieMitteilung */ = {
			isa = PBXNativeTarget;
			buildConfigurationList = F0A1000000000000000000D6 /* Build configuration list for PBXNativeTarget "FamilieMitteilung" */;
			buildPhases = (
				F0A1000000000000000000D4 /* Sources */,
				F0A1000000000000000000D3 /* Frameworks */,
				F0A1000000000000000000DD /* Resources */,
			);
			buildRules = (
			);
			dependencies = (
			);
			fileSystemSynchronizedGroups = (
				F0A1000000000000000000D2 /* FamilieMitteilung */,
			);
			name = FamilieMitteilung;
			packageProductDependencies = (
			);
			productName = FamilieMitteilung;
			productReference = F0A1000000000000000000D1 /* FamilieMitteilung.appex */;
			productType = "com.apple.product-type.app-extension";
		};
		F0A1000000000000000000E5 /* FamilieKlingel */ = {
			isa = PBXNativeTarget;
			buildConfigurationList = F0A1000000000000000000E6 /* Build configuration list for PBXNativeTarget "FamilieKlingel" */;
			buildPhases = (
				F0A1000000000000000000E4 /* Sources */,
				F0A1000000000000000000E3 /* Frameworks */,
				F0A1000000000000000000ED /* Resources */,
			);
			buildRules = (
			);
			dependencies = (
			);
			fileSystemSynchronizedGroups = (
				F0A1000000000000000000E2 /* FamilieKlingel */,
			);
			name = FamilieKlingel;
			packageProductDependencies = (
			);
			productName = FamilieKlingel;
			productReference = F0A1000000000000000000E1 /* FamilieKlingel.appex */;
			productType = "com.apple.product-type.app-extension";
		};
		F0A1000000000000000000F5 /* FamilieLive */ = {
			isa = PBXNativeTarget;
			buildConfigurationList = F0A1000000000000000000F6 /* Build configuration list for PBXNativeTarget "FamilieLive" */;
			buildPhases = (
				F0A1000000000000000000F4 /* Sources */,
				F0A1000000000000000000F3 /* Frameworks */,
				F0A1000000000000000000FD /* Resources */,
			);
			buildRules = (
			);
			dependencies = (
			);
			fileSystemSynchronizedGroups = (
				F0A1000000000000000000F2 /* FamilieLive */,
			);
			name = FamilieLive;
			packageProductDependencies = (
			);
			productName = FamilieLive;
			productReference = F0A1000000000000000000F1 /* FamilieLive.appex */;
			productType = "com.apple.product-type.app-extension";
		};
/* End PBXNativeTarget section */

/* Begin PBXProject section */
		F0A1000000000000000000A9 /* Project object */ = {
			isa = PBXProject;
			attributes = {
				BuildIndependentTargetsInParallel = 1;
				LastSwiftUpdateCheck = 1600;
				LastUpgradeCheck = 1600;
				TargetAttributes = {
					F0A1000000000000000000A6 = {
						CreatedOnToolsVersion = 16.0;
					};
					F0A1000000000000000000D5 = {
						CreatedOnToolsVersion = 16.0;
					};
					F0A1000000000000000000E5 = {
						CreatedOnToolsVersion = 16.0;
					};
					F0A1000000000000000000F5 = {
						CreatedOnToolsVersion = 16.0;
					};
				};
			};
			buildConfigurationList = F0A1000000000000000000B0 /* Build configuration list for PBXProject "FamilyHub" */;
			developmentRegion = de;
			hasScannedForEncodings = 0;
			knownRegions = (
				de,
				Base,
			);
			mainGroup = F0A1000000000000000000A4;
			minimizedProjectReferenceProxies = 1;
			preferredProjectObjectVersion = 77;
			productRefGroup = F0A1000000000000000000A5 /* Products */;
			projectDirPath = "";
			projectRoot = "";
			targets = (
				F0A1000000000000000000A6 /* FamilyHub */,
				F0A1000000000000000000D5 /* FamilieMitteilung */,
				F0A1000000000000000000E5 /* FamilieKlingel */,
				F0A1000000000000000000F5 /* FamilieLive */,
			);
		};
/* End PBXProject section */

/* Begin PBXResourcesBuildPhase section */
		F0A1000000000000000000A8 /* Resources */ = {
			isa = PBXResourcesBuildPhase;
			buildActionMask = 2147483647;
			files = (
			);
			runOnlyForDeploymentPostprocessing = 0;
		};
		F0A1000000000000000000DD /* Resources */ = {
			isa = PBXResourcesBuildPhase;
			buildActionMask = 2147483647;
			files = (
			);
			runOnlyForDeploymentPostprocessing = 0;
		};
		F0A1000000000000000000ED /* Resources */ = {
			isa = PBXResourcesBuildPhase;
			buildActionMask = 2147483647;
			files = (
			);
			runOnlyForDeploymentPostprocessing = 0;
		};
		F0A1000000000000000000FD /* Resources */ = {
			isa = PBXResourcesBuildPhase;
			buildActionMask = 2147483647;
			files = (
			);
			runOnlyForDeploymentPostprocessing = 0;
		};
/* End PBXResourcesBuildPhase section */

/* Begin PBXSourcesBuildPhase section */
		F0A1000000000000000000A7 /* Sources */ = {
			isa = PBXSourcesBuildPhase;
			buildActionMask = 2147483647;
			files = (
			);
			runOnlyForDeploymentPostprocessing = 0;
		};
		F0A1000000000000000000D4 /* Sources */ = {
			isa = PBXSourcesBuildPhase;
			buildActionMask = 2147483647;
			files = (
			);
			runOnlyForDeploymentPostprocessing = 0;
		};
		F0A1000000000000000000E4 /* Sources */ = {
			isa = PBXSourcesBuildPhase;
			buildActionMask = 2147483647;
			files = (
			);
			runOnlyForDeploymentPostprocessing = 0;
		};
		F0A1000000000000000000F4 /* Sources */ = {
			isa = PBXSourcesBuildPhase;
			buildActionMask = 2147483647;
			files = (
			);
			runOnlyForDeploymentPostprocessing = 0;
		};
/* End PBXSourcesBuildPhase section */

/* Begin PBXTargetDependency section */
		F0A1000000000000000000DB /* PBXTargetDependency */ = {
			isa = PBXTargetDependency;
			target = F0A1000000000000000000D5 /* FamilieMitteilung */;
			targetProxy = F0A1000000000000000000DA /* PBXContainerItemProxy */;
		};
		F0A1000000000000000000EB /* PBXTargetDependency */ = {
			isa = PBXTargetDependency;
			target = F0A1000000000000000000E5 /* FamilieKlingel */;
			targetProxy = F0A1000000000000000000EA /* PBXContainerItemProxy */;
		};
		F0A1000000000000000000FB /* PBXTargetDependency */ = {
			isa = PBXTargetDependency;
			target = F0A1000000000000000000F5 /* FamilieLive */;
			targetProxy = F0A1000000000000000000FA /* PBXContainerItemProxy */;
		};
/* End PBXTargetDependency section */

/* Begin XCBuildConfiguration section */
		F0A1000000000000000000C1 /* Debug */ = {
			isa = XCBuildConfiguration;
			buildSettings = {
				ALWAYS_SEARCH_USER_PATHS = NO;
				ASSETCATALOG_COMPILER_GENERATE_SWIFT_ASSET_SYMBOL_EXTENSIONS = YES;
				CLANG_ENABLE_MODULES = YES;
				CLANG_ENABLE_OBJC_ARC = YES;
				COPY_PHASE_STRIP = NO;
				DEBUG_INFORMATION_FORMAT = dwarf;
				ENABLE_STRICT_OBJC_MSGSEND = YES;
				FAMILIE_ENTITLEMENTS = Familie.entitlements;
				ENABLE_TESTABILITY = YES;
				ENABLE_USER_SCRIPT_SANDBOXING = YES;
				GCC_OPTIMIZATION_LEVEL = 0;
				GCC_PREPROCESSOR_DEFINITIONS = (
					"DEBUG=1",
					"$(inherited)",
				);
				IPHONEOS_DEPLOYMENT_TARGET = 17.0;
				MTL_ENABLE_DEBUG_INFO = INCLUDE_SOURCE;
				ONLY_ACTIVE_ARCH = YES;
				SDKROOT = iphoneos;
				SWIFT_ACTIVE_COMPILATION_CONDITIONS = "DEBUG $(inherited)";
				SWIFT_OPTIMIZATION_LEVEL = "-Onone";
			};
			name = Debug;
		};
		F0A1000000000000000000C2 /* Release */ = {
			isa = XCBuildConfiguration;
			buildSettings = {
				ALWAYS_SEARCH_USER_PATHS = NO;
				ASSETCATALOG_COMPILER_GENERATE_SWIFT_ASSET_SYMBOL_EXTENSIONS = YES;
				CLANG_ENABLE_MODULES = YES;
				CLANG_ENABLE_OBJC_ARC = YES;
				COPY_PHASE_STRIP = NO;
				DEBUG_INFORMATION_FORMAT = "dwarf-with-dsym";
				ENABLE_NS_ASSERTIONS = NO;
				ENABLE_STRICT_OBJC_MSGSEND = YES;
				FAMILIE_ENTITLEMENTS = Familie.entitlements;
				ENABLE_USER_SCRIPT_SANDBOXING = YES;
				IPHONEOS_DEPLOYMENT_TARGET = 17.0;
				MTL_ENABLE_DEBUG_INFO = NO;
				SDKROOT = iphoneos;
				SWIFT_COMPILATION_MODE = wholemodule;
				VALIDATE_PRODUCT = YES;
			};
			name = Release;
		};
		F0A1000000000000000000C3 /* Debug */ = {
			isa = XCBuildConfiguration;
			buildSettings = {
				ASSETCATALOG_COMPILER_APPICON_NAME = AppIcon;
				ASSETCATALOG_COMPILER_GLOBAL_ACCENT_COLOR_NAME = AccentColor;
				CODE_SIGN_ENTITLEMENTS = "$(FAMILIE_ENTITLEMENTS)";
				CODE_SIGN_STYLE = Automatic;
				PROVISIONING_PROFILE_SPECIFIER = "$(FAMILIE_PROFILE_APP)";
				CURRENT_PROJECT_VERSION = 1;
				DEVELOPMENT_TEAM = "";
				ENABLE_PREVIEWS = YES;
				GENERATE_INFOPLIST_FILE = YES;
				INFOPLIST_FILE = "FamilyHub-Info.plist";
				INFOPLIST_KEY_CFBundleDisplayName = Familie;
				INFOPLIST_KEY_NSCameraUsageDescription = "Die Kamera wird zum Abfotografieren von Dokumenten und Belegen verwendet.";
				INFOPLIST_KEY_NSFaceIDUsageDescription = "Mit Face ID entsperrst du die Familie-App.";
				INFOPLIST_KEY_NSLocalNetworkUsageDescription = "Für Ton und Gegensprechen mit der Haustür im Heimnetz.";
				INFOPLIST_KEY_NSMicrophoneUsageDescription = "Damit du mit der Person an der Haustür sprechen kannst.";
				INFOPLIST_KEY_LSApplicationCategoryType = "public.app-category.lifestyle";
				INFOPLIST_KEY_UIApplicationSceneManifest_Generation = YES;
				INFOPLIST_KEY_UIApplicationSupportsIndirectInputEvents = YES;
				INFOPLIST_KEY_UILaunchScreen_Generation = YES;
				INFOPLIST_KEY_UISupportedInterfaceOrientations = UIInterfaceOrientationPortrait;
				LD_RUNPATH_SEARCH_PATHS = (
					"$(inherited)",
					"@executable_path/Frameworks",
				);
				MARKETING_VERSION = 1.0;
				PRODUCT_BUNDLE_IDENTIFIER = es.mohs.familie;
				PRODUCT_NAME = Familie;
				SUPPORTED_PLATFORMS = "iphoneos iphonesimulator";
				SUPPORTS_MACCATALYST = NO;
				SWIFT_EMIT_LOC_STRINGS = YES;
				SWIFT_VERSION = 5.0;
				TARGETED_DEVICE_FAMILY = 1;
			};
			name = Debug;
		};
		F0A1000000000000000000C4 /* Release */ = {
			isa = XCBuildConfiguration;
			buildSettings = {
				ASSETCATALOG_COMPILER_APPICON_NAME = AppIcon;
				ASSETCATALOG_COMPILER_GLOBAL_ACCENT_COLOR_NAME = AccentColor;
				CODE_SIGN_ENTITLEMENTS = "$(FAMILIE_ENTITLEMENTS)";
				CODE_SIGN_STYLE = Automatic;
				PROVISIONING_PROFILE_SPECIFIER = "$(FAMILIE_PROFILE_APP)";
				CURRENT_PROJECT_VERSION = 1;
				DEVELOPMENT_TEAM = "";
				ENABLE_PREVIEWS = YES;
				GENERATE_INFOPLIST_FILE = YES;
				INFOPLIST_FILE = "FamilyHub-Info.plist";
				INFOPLIST_KEY_CFBundleDisplayName = Familie;
				INFOPLIST_KEY_NSCameraUsageDescription = "Die Kamera wird zum Abfotografieren von Dokumenten und Belegen verwendet.";
				INFOPLIST_KEY_NSFaceIDUsageDescription = "Mit Face ID entsperrst du die Familie-App.";
				INFOPLIST_KEY_NSLocalNetworkUsageDescription = "Für Ton und Gegensprechen mit der Haustür im Heimnetz.";
				INFOPLIST_KEY_NSMicrophoneUsageDescription = "Damit du mit der Person an der Haustür sprechen kannst.";
				INFOPLIST_KEY_LSApplicationCategoryType = "public.app-category.lifestyle";
				INFOPLIST_KEY_UIApplicationSceneManifest_Generation = YES;
				INFOPLIST_KEY_UIApplicationSupportsIndirectInputEvents = YES;
				INFOPLIST_KEY_UILaunchScreen_Generation = YES;
				INFOPLIST_KEY_UISupportedInterfaceOrientations = UIInterfaceOrientationPortrait;
				LD_RUNPATH_SEARCH_PATHS = (
					"$(inherited)",
					"@executable_path/Frameworks",
				);
				MARKETING_VERSION = 1.0;
				PRODUCT_BUNDLE_IDENTIFIER = es.mohs.familie;
				PRODUCT_NAME = Familie;
				SUPPORTED_PLATFORMS = "iphoneos iphonesimulator";
				SUPPORTS_MACCATALYST = NO;
				SWIFT_EMIT_LOC_STRINGS = YES;
				SWIFT_VERSION = 5.0;
				TARGETED_DEVICE_FAMILY = 1;
			};
			name = Release;
		};
		F0A1000000000000000000D7 /* Debug */ = {
			isa = XCBuildConfiguration;
			buildSettings = {
				APPLICATION_EXTENSION_API_ONLY = YES;
				CODE_SIGN_STYLE = Automatic;
				CURRENT_PROJECT_VERSION = 1;
				DEVELOPMENT_TEAM = "";
				GENERATE_INFOPLIST_FILE = YES;
				INFOPLIST_FILE = "FamilieMitteilung-Info.plist";
				INFOPLIST_KEY_CFBundleDisplayName = "Familie Mitteilungen";
				OTHER_LDFLAGS = (
					"$(inherited)",
					"-Wl,-needed_framework,Intents",
					"-Wl,-needed_framework,UserNotifications",
				);
				LD_RUNPATH_SEARCH_PATHS = (
					"$(inherited)",
					"@executable_path/Frameworks",
					"@executable_path/../../Frameworks",
				);
				MARKETING_VERSION = 1.0;
				PRODUCT_BUNDLE_IDENTIFIER = es.mohs.familie.mitteilung;
				PRODUCT_NAME = "$(TARGET_NAME)";
				PROVISIONING_PROFILE_SPECIFIER = "$(FAMILIE_PROFILE_NSE)";
				SKIP_INSTALL = YES;
				SUPPORTED_PLATFORMS = "iphoneos iphonesimulator";
				SUPPORTS_MACCATALYST = NO;
				SWIFT_VERSION = 5.0;
				TARGETED_DEVICE_FAMILY = 1;
			};
			name = Debug;
		};
		F0A1000000000000000000D8 /* Release */ = {
			isa = XCBuildConfiguration;
			buildSettings = {
				APPLICATION_EXTENSION_API_ONLY = YES;
				CODE_SIGN_STYLE = Automatic;
				CURRENT_PROJECT_VERSION = 1;
				DEVELOPMENT_TEAM = "";
				GENERATE_INFOPLIST_FILE = YES;
				INFOPLIST_FILE = "FamilieMitteilung-Info.plist";
				INFOPLIST_KEY_CFBundleDisplayName = "Familie Mitteilungen";
				OTHER_LDFLAGS = (
					"$(inherited)",
					"-Wl,-needed_framework,Intents",
					"-Wl,-needed_framework,UserNotifications",
				);
				LD_RUNPATH_SEARCH_PATHS = (
					"$(inherited)",
					"@executable_path/Frameworks",
					"@executable_path/../../Frameworks",
				);
				MARKETING_VERSION = 1.0;
				PRODUCT_BUNDLE_IDENTIFIER = es.mohs.familie.mitteilung;
				PRODUCT_NAME = "$(TARGET_NAME)";
				PROVISIONING_PROFILE_SPECIFIER = "$(FAMILIE_PROFILE_NSE)";
				SKIP_INSTALL = YES;
				SUPPORTED_PLATFORMS = "iphoneos iphonesimulator";
				SUPPORTS_MACCATALYST = NO;
				SWIFT_VERSION = 5.0;
				TARGETED_DEVICE_FAMILY = 1;
			};
			name = Release;
		};
		F0A1000000000000000000E7 /* Debug */ = {
			isa = XCBuildConfiguration;
			buildSettings = {
				APPLICATION_EXTENSION_API_ONLY = YES;
				CODE_SIGN_STYLE = Automatic;
				CURRENT_PROJECT_VERSION = 1;
				DEVELOPMENT_TEAM = "";
				GENERATE_INFOPLIST_FILE = YES;
				INFOPLIST_FILE = "FamilieKlingel-Info.plist";
				INFOPLIST_KEY_CFBundleDisplayName = "Familie Klingel";
				OTHER_LDFLAGS = (
					"$(inherited)",
					"-Wl,-needed_framework,UserNotificationsUI",
					"-Wl,-needed_framework,UserNotifications",
				);
				LD_RUNPATH_SEARCH_PATHS = (
					"$(inherited)",
					"@executable_path/Frameworks",
					"@executable_path/../../Frameworks",
				);
				MARKETING_VERSION = 1.0;
				PRODUCT_BUNDLE_IDENTIFIER = es.mohs.familie.klingel;
				PRODUCT_NAME = "$(TARGET_NAME)";
				PROVISIONING_PROFILE_SPECIFIER = "$(FAMILIE_PROFILE_KLINGEL)";
				SKIP_INSTALL = YES;
				SUPPORTED_PLATFORMS = "iphoneos iphonesimulator";
				SUPPORTS_MACCATALYST = NO;
				SWIFT_VERSION = 5.0;
				TARGETED_DEVICE_FAMILY = 1;
			};
			name = Debug;
		};
		F0A1000000000000000000E8 /* Release */ = {
			isa = XCBuildConfiguration;
			buildSettings = {
				APPLICATION_EXTENSION_API_ONLY = YES;
				CODE_SIGN_STYLE = Automatic;
				CURRENT_PROJECT_VERSION = 1;
				DEVELOPMENT_TEAM = "";
				GENERATE_INFOPLIST_FILE = YES;
				INFOPLIST_FILE = "FamilieKlingel-Info.plist";
				INFOPLIST_KEY_CFBundleDisplayName = "Familie Klingel";
				OTHER_LDFLAGS = (
					"$(inherited)",
					"-Wl,-needed_framework,UserNotificationsUI",
					"-Wl,-needed_framework,UserNotifications",
				);
				LD_RUNPATH_SEARCH_PATHS = (
					"$(inherited)",
					"@executable_path/Frameworks",
					"@executable_path/../../Frameworks",
				);
				MARKETING_VERSION = 1.0;
				PRODUCT_BUNDLE_IDENTIFIER = es.mohs.familie.klingel;
				PRODUCT_NAME = "$(TARGET_NAME)";
				PROVISIONING_PROFILE_SPECIFIER = "$(FAMILIE_PROFILE_KLINGEL)";
				SKIP_INSTALL = YES;
				SUPPORTED_PLATFORMS = "iphoneos iphonesimulator";
				SUPPORTS_MACCATALYST = NO;
				SWIFT_VERSION = 5.0;
				TARGETED_DEVICE_FAMILY = 1;
			};
			name = Release;
		};
		F0A1000000000000000000F7 /* Debug */ = {
			isa = XCBuildConfiguration;
			buildSettings = {
				APPLICATION_EXTENSION_API_ONLY = YES;
				ASSETCATALOG_COMPILER_GLOBAL_ACCENT_COLOR_NAME = AccentColor;
				CODE_SIGN_STYLE = Automatic;
				CURRENT_PROJECT_VERSION = 1;
				DEVELOPMENT_TEAM = "";
				GENERATE_INFOPLIST_FILE = YES;
				INFOPLIST_FILE = "FamilieLive-Info.plist";
				INFOPLIST_KEY_CFBundleDisplayName = "Familie Live";
				LD_RUNPATH_SEARCH_PATHS = (
					"$(inherited)",
					"@executable_path/Frameworks",
					"@executable_path/../../Frameworks",
				);
				MARKETING_VERSION = 1.0;
				PRODUCT_BUNDLE_IDENTIFIER = es.mohs.familie.live;
				PRODUCT_NAME = "$(TARGET_NAME)";
				PROVISIONING_PROFILE_SPECIFIER = "$(FAMILIE_PROFILE_LIVE)";
				SKIP_INSTALL = YES;
				SUPPORTED_PLATFORMS = "iphoneos iphonesimulator";
				SUPPORTS_MACCATALYST = NO;
				SWIFT_VERSION = 5.0;
				TARGETED_DEVICE_FAMILY = 1;
			};
			name = Debug;
		};
		F0A1000000000000000000F8 /* Release */ = {
			isa = XCBuildConfiguration;
			buildSettings = {
				APPLICATION_EXTENSION_API_ONLY = YES;
				ASSETCATALOG_COMPILER_GLOBAL_ACCENT_COLOR_NAME = AccentColor;
				CODE_SIGN_STYLE = Automatic;
				CURRENT_PROJECT_VERSION = 1;
				DEVELOPMENT_TEAM = "";
				GENERATE_INFOPLIST_FILE = YES;
				INFOPLIST_FILE = "FamilieLive-Info.plist";
				INFOPLIST_KEY_CFBundleDisplayName = "Familie Live";
				LD_RUNPATH_SEARCH_PATHS = (
					"$(inherited)",
					"@executable_path/Frameworks",
					"@executable_path/../../Frameworks",
				);
				MARKETING_VERSION = 1.0;
				PRODUCT_BUNDLE_IDENTIFIER = es.mohs.familie.live;
				PRODUCT_NAME = "$(TARGET_NAME)";
				PROVISIONING_PROFILE_SPECIFIER = "$(FAMILIE_PROFILE_LIVE)";
				SKIP_INSTALL = YES;
				SUPPORTED_PLATFORMS = "iphoneos iphonesimulator";
				SUPPORTS_MACCATALYST = NO;
				SWIFT_VERSION = 5.0;
				TARGETED_DEVICE_FAMILY = 1;
			};
			name = Release;
		};
/* End XCBuildConfiguration section */

/* Begin XCConfigurationList section */
		F0A1000000000000000000B0 /* Build configuration list for PBXProject "FamilyHub" */ = {
			isa = XCConfigurationList;
			buildConfigurations = (
				F0A1000000000000000000C1 /* Debug */,
				F0A1000000000000000000C2 /* Release */,
			);
			defaultConfigurationIsVisible = 0;
			defaultConfigurationName = Release;
		};
		F0A1000000000000000000B1 /* Build configuration list for PBXNativeTarget "FamilyHub" */ = {
			isa = XCConfigurationList;
			buildConfigurations = (
				F0A1000000000000000000C3 /* Debug */,
				F0A1000000000000000000C4 /* Release */,
			);
			defaultConfigurationIsVisible = 0;
			defaultConfigurationName = Release;
		};
		F0A1000000000000000000D6 /* Build configuration list for PBXNativeTarget "FamilieMitteilung" */ = {
			isa = XCConfigurationList;
			buildConfigurations = (
				F0A1000000000000000000D7 /* Debug */,
				F0A1000000000000000000D8 /* Release */,
			);
			defaultConfigurationIsVisible = 0;
			defaultConfigurationName = Release;
		};
		F0A1000000000000000000E6 /* Build configuration list for PBXNativeTarget "FamilieKlingel" */ = {
			isa = XCConfigurationList;
			buildConfigurations = (
				F0A1000000000000000000E7 /* Debug */,
				F0A1000000000000000000E8 /* Release */,
			);
			defaultConfigurationIsVisible = 0;
			defaultConfigurationName = Release;
		};
		F0A1000000000000000000F6 /* Build configuration list for PBXNativeTarget "FamilieLive" */ = {
			isa = XCConfigurationList;
			buildConfigurations = (
				F0A1000000000000000000F7 /* Debug */,
				F0A1000000000000000000F8 /* Release */,
			);
			defaultConfigurationIsVisible = 0;
			defaultConfigurationName = Release;
		};
/* End XCConfigurationList section */
	};
	rootObject = F0A1000000000000000000A9 /* Project object */;
}
